{
  "name": "4th-downs-bot",
  "lockfileVersion": 2,
  "requires": true,
  "packages": {
    "": {
      "dependencies": {
        "dotenv": "^10.0.0"
      }
    },
    "node_modules/dotenv": {
      "version": "10.0.0",
      "license": "BSD-2-Clause",
      "engines": {
        "node": ">=10"
      }
    }
  },
  "dependencies": {
    "dotenv": {
      "version": "10.0.0"
    }
  }
}
